
Microsoft Visual Studio Solution File, Format Version 12.00
# Visual Studio Version 17
VisualStudioVersion = 17.6.33815.320
MinimumVisualStudioVersion = 10.0.40219.1
Project("{FAE04EC0-301F-11D3-BF4B-00C04F79EFBC}") = "Api", "Api\Api.csproj", "{88859CAE-B0B0-4F09-BE05-34593ADA5166}"
EndProject
Global
	GlobalSection(SolutionConfigurationPlatforms) = preSolution
		Debug|Any CPU = Debug|Any CPU
		Release|Any CPU = Release|Any CPU
	EndGlobalSection
	GlobalSection(ProjectConfigurationPlatforms) = postSolution
		{88859CAE-B0B0-4F09-BE05-34593ADA5166}.Debug|Any CPU.ActiveCfg = Debug|Any CPU
		{88859CAE-B0B0-4F09-BE05-34593ADA5166}.Debug|Any CPU.Build.0 = Debug|Any CPU
		{88859CAE-B0B0-4F09-BE05-34593ADA5166}.Release|Any CPU.ActiveCfg = Release|Any CPU
		{88859CAE-B0B0-4F09-BE05-34593ADA5166}.Release|Any CPU.Build.0 = Release|Any CPU
	EndGlobalSection
	GlobalSection(SolutionProperties) = preSolution
		HideSolutionNode = FALSE
	EndGlobalSection
	GlobalSection(ExtensibilityGlobals) = postSolution
		SolutionGuid = {7EADB8B0-5110-4E06-87C9-E90DC44017C8}
	EndGlobalSection
EndGlobal
